// !$*UTF8*$!
{
	archiveVersion = 1;
	classes = {
	};
	objectVersion = 56;
	objects = {

/* Begin PBXBuildFile section */
		0D4AC3ED29E8152D00DDCE46 /* main.swift in Sources */ = {isa = PBXBuildFile; fileRef = 0D4AC3EC29E8152D00DDCE46 /* main.swift */; };
		0D4AC3F729E8199500DDCE46 /* settings.swift in Sources */ = {isa = PBXBuildFile; fileRef = 0D4AC3F629E8199500DDCE46 /* settings.swift */; };
		0D4AC3F929E819AF00DDCE46 /* systemutils.swift in Sources */ = {isa = PBXBuildFile; fileRef = 0D4AC3F829E819AF00DDCE46 /* systemutils.swift */; };
		0D4AC3FB29E81D5E00DDCE46 /* extensions.swift in Sources */ = {isa = PBXBuildFile; fileRef = 0D4AC3FA29E81D5E00DDCE46 /* extensions.swift */; };
		0D4AC3FE29E827AE00DDCE46 /* cmark_gfm_swift in Frameworks */ = {isa = PBXBuildFile; productRef = 0D4AC3FD29E827AE00DDCE46 /* cmark_gfm_swift */; };
		0DC3988F29EA31F40020D011 /* SwiftSoup in Frameworks */ = {isa = PBXBuildFile; productRef = 0DC3988E29EA31F40020D011 /* SwiftSoup */; };
		0DC3989129EA3C7A0020D011 /* metadata.swift in Sources */ = {isa = PBXBuildFile; fileRef = 0DC3989029EA3C7A0020D011 /* metadata.swift */; };
		0DC3989329EA625A0020D011 /* textutils.swift in Sources */ = {isa = PBXBuildFile; fileRef = 0DC3989229EA625A0020D011 /* textutils.swift */; };
/* End PBXBuildFile section */

/* Begin PBXCopyFilesBuildPhase section */
		0D4AC3E729E8152D00DDCE46 /* CopyFiles */ = {
			isa = PBXCopyFilesBuildPhase;
			buildActionMask = 2147483647;
			dstPath = /usr/share/man/man1/;
			dstSubfolderSpec = 0;
			files = (
			);
			runOnlyForDeploymentPostprocessing = 1;
		};
/* End PBXCopyFilesBuildPhase section */

/* Begin PBXFileReference section */
		0D4AC3E929E8152D00DDCE46 /* SiteGen */ = {isa = PBXFileReference; explicitFileType = "compiled.mach-o.executable"; includeInIndex = 0; path = SiteGen; sourceTree = BUILT_PRODUCTS_DIR; };
		0D4AC3EC29E8152D00DDCE46 /* main.swift */ = {isa = PBXFileReference; lastKnownFileType = sourcecode.swift; path = main.swift; sourceTree = "<group>"; };
		0D4AC3F629E8199500DDCE46 /* settings.swift */ = {isa = PBXFileReference; lastKnownFileType = sourcecode.swift; path = settings.swift; sourceTree = "<group>"; };
		0D4AC3F829E819AF00DDCE46 /* systemutils.swift */ = {isa = PBXFileReference; lastKnownFileType = sourcecode.swift; path = systemutils.swift; sourceTree = "<group>"; };
		0D4AC3FA29E81D5E00DDCE46 /* extensions.swift */ = {isa = PBXFileReference; lastKnownFileType = sourcecode.swift; path = extensions.swift; sourceTree = "<group>"; };
		0DC3989029EA3C7A0020D011 /* metadata.swift */ = {isa = PBXFileReference; lastKnownFileType = sourcecode.swift; path = metadata.swift; sourceTree = "<group>"; };
		0DC3989229EA625A0020D011 /* textutils.swift */ = {isa = PBXFileReference; lastKnownFileType = sourcecode.swift; path = textutils.swift; sourceTree = "<group>"; };
/* End PBXFileReference section */

/* Begin PBXFrameworksBuildPhase section */
		0D4AC3E629E8152D00DDCE46 /* Frameworks */ = {
			isa = PBXFrameworksBuildPhase;
			buildActionMask = 2147483647;
			files = (
				0D4AC3FE29E827AE00DDCE46 /* cmark_gfm_swift in Frameworks */,
				0DC3988F29EA31F40020D011 /* SwiftSoup in Frameworks */,
			);
			runOnlyForDeploymentPostprocessing = 0;
		};
/* End PBXFrameworksBuildPhase section */

/* Begin PBXGroup section */
		0D4AC3E029E8152D00DDCE46 = {
			isa = PBXGroup;
			children = (
				0D4AC3EB29E8152D00DDCE46 /* SiteGen */,
				0D4AC3EA29E8152D00DDCE46 /* Products */,
			);
			sourceTree = "<group>";
		};
		0D4AC3EA29E8152D00DDCE46 /* Products */ = {
			isa = PBXGroup;
			children = (
				0D4AC3E929E8152D00DDCE46 /* SiteGen */,
			);
			name = Products;
			sourceTree = "<group>";
		};
		0D4AC3EB29E8152D00DDCE46 /* SiteGen */ = {
			isa = PBXGroup;
			children = (
				0D4AC3EC29E8152D00DDCE46 /* main.swift */,
				0D4AC3F629E8199500DDCE46 /* settings.swift */,
				0D4AC3F829E819AF00DDCE46 /* systemutils.swift */,
				0D4AC3FA29E81D5E00DDCE46 /* extensions.swift */,
				0DC3989029EA3C7A0020D011 /* metadata.swift */,
				0DC3989229EA625A0020D011 /* textutils.swift */,
			);
			path = SiteGen;
			sourceTree = "<group>";
		};
/* End PBXGroup section */

/* Begin PBXNativeTarget section */
		0D4AC3E829E8152D00DDCE46 /* SiteGen */ = {
			isa = PBXNativeTarget;
			buildConfigurationList = 0D4AC3F029E8152D00DDCE46 /* Build configuration list for PBXNativeTarget "SiteGen" */;
			buildPhases = (
				0D4AC3E529E8152D00DDCE46 /* Sources */,
				0D4AC3E629E8152D00DDCE46 /* Frameworks */,
				0D4AC3E729E8152D00DDCE46 /* CopyFiles */,
			);
			buildRules = (
			);
			dependencies = (
			);
			name = SiteGen;
			packageProductDependencies = (
				0D4AC3FD29E827AE00DDCE46 /* cmark_gfm_swift */,
				0DC3988E29EA31F40020D011 /* SwiftSoup */,
			);
			productName = SiteGen;
			productReference = 0D4AC3E929E8152D00DDCE46 /* SiteGen */;
			productType = "com.apple.product-type.tool";
		};
/* End PBXNativeTarget section */

/* Begin PBXProject section */
		0D4AC3E129E8152D00DDCE46 /* Project object */ = {
			isa = PBXProject;
			attributes = {
				BuildIndependentTargetsInParallel = 1;
				LastSwiftUpdateCheck = 1430;
				LastUpgradeCheck = 1430;
				TargetAttributes = {
					0D4AC3E829E8152D00DDCE46 = {
						CreatedOnToolsVersion = 14.3;
					};
				};
			};
			buildConfigurationList = 0D4AC3E429E8152D00DDCE46 /* Build configuration list for PBXProject "SiteGen" */;
			compatibilityVersion = "Xcode 14.0";
			developmentRegion = en;
			hasScannedForEncodings = 0;
			knownRegions = (
				en,
				Base,
			);
			mainGroup = 0D4AC3E029E8152D00DDCE46;
			packageReferences = (
				0D4AC3FC29E827AE00DDCE46 /* XCRemoteSwiftPackageReference "cmark-gfm-swift" */,
				0DC3988D29EA31F40020D011 /* XCRemoteSwiftPackageReference "SwiftSoup" */,
			);
			productRefGroup = 0D4AC3EA29E8152D00DDCE46 /* Products */;
			projectDirPath = "";
			projectRoot = "";
			targets = (
				0D4AC3E829E8152D00DDCE46 /* SiteGen */,
			);
		};
/* End PBXProject section */

/* Begin PBXSourcesBuildPhase section */
		0D4AC3E529E8152D00DDCE46 /* Sources */ = {
			isa = PBXSourcesBuildPhase;
			buildActionMask = 2147483647;
			files = (
				0D4AC3F729E8199500DDCE46 /* settings.swift in Sources */,
				0D4AC3F929E819AF00DDCE46 /* systemutils.swift in Sources */,
				0DC3989329EA625A0020D011 /* textutils.swift in Sources */,
				0DC3989129EA3C7A0020D011 /* metadata.swift in Sources */,
				0D4AC3ED29E8152D00DDCE46 /* main.swift in Sources */,
				0D4AC3FB29E81D5E00DDCE46 /* extensions.swift in Sources */,
			);
			runOnlyForDeploymentPostprocessing = 0;
		};
/* End PBXSourcesBuildPhase section */

/* Begin XCBuildConfiguration section */
		0D4AC3EE29E8152D00DDCE46 /* Debug */ = {
			isa = XCBuildConfiguration;
			buildSettings = {
				ALWAYS_SEARCH_USER_PATHS = NO;
				CLANG_ANALYZER_NONNULL = YES;
				CLANG_ANALYZER_NUMBER_OBJECT_CONVERSION = YES_AGGRESSIVE;
				CLANG_CXX_LANGUAGE_STANDARD = "gnu++20";
				CLANG_ENABLE_MODULES = YES;
				CLANG_ENABLE_OBJC_ARC = YES;
				CLANG_ENABLE_OBJC_WEAK = YES;
				CLANG_WARN_BLOCK_CAPTURE_AUTORELEASING = YES;
				CLANG_WARN_BOOL_CONVERSION = YES;
				CLANG_WARN_COMMA = YES;
				CLANG_WARN_CONSTANT_CONVERSION = YES;
				CLANG_WARN_DEPRECATED_OBJC_IMPLEMENTATIONS = YES;
				CLANG_WARN_DIRECT_OBJC_ISA_USAGE = YES_ERROR;
				CLANG_WARN_DOCUMENTATION_COMMENTS = YES;
				CLANG_WARN_EMPTY_BODY = YES;
				CLANG_WARN_ENUM_CONVERSION = YES;
				CLANG_WARN_INFINITE_RECURSION = YES;
				CLANG_WARN_INT_CONVERSION = YES;
				CLANG_WARN_NON_LITERAL_NULL_CONVERSION = YES;
				CLANG_WARN_OBJC_IMPLICIT_RETAIN_SELF = YES;
				CLANG_WARN_OBJC_LITERAL_CONVERSION = YES;
				CLANG_WARN_OBJC_ROOT_CLASS = YES_ERROR;
				CLANG_WARN_QUOTED_INCLUDE_IN_FRAMEWORK_HEADER = YES;
				CLANG_WARN_RANGE_LOOP_ANALYSIS = YES;
				CLANG_WARN_STRICT_PROTOTYPES = YES;
				CLANG_WARN_SUSPICIOUS_MOVE = YES;
				CLANG_WARN_UNGUARDED_AVAILABILITY = YES_AGGRESSIVE;
				CLANG_WARN_UNREACHABLE_CODE = YES;
				CLANG_WARN__DUPLICATE_METHOD_MATCH = YES;
				COPY_PHASE_STRIP = NO;
				DEBUG_INFORMATION_FORMAT = dwarf;
				ENABLE_STRICT_OBJC_MSGSEND = YES;
				ENABLE_TESTABILITY = YES;
				GCC_C_LANGUAGE_STANDARD = gnu11;
				GCC_DYNAMIC_NO_PIC = NO;
				GCC_NO_COMMON_BLOCKS = YES;
				GCC_OPTIMIZATION_LEVEL = 0;
				GCC_PREPROCESSOR_DEFINITIONS = (
					"DEBUG=1",
					"$(inherited)",
				);
				GCC_WARN_64_TO_32_BIT_CONVERSION = YES;
				GCC_WARN_ABOUT_RETURN_TYPE = YES_ERROR;
				GCC_WARN_UNDECLARED_SELECTOR = YES;
				GCC_WARN_UNINITIALIZED_AUTOS = YES_AGGRESSIVE;
				GCC_WARN_UNUSED_FUNCTION = YES;
				GCC_WARN_UNUSED_VARIABLE = YES;
				MACOSX_DEPLOYMENT_TARGET = 13.3;
				MTL_ENABLE_DEBUG_INFO = INCLUDE_SOURCE;
				MTL_FAST_MATH = YES;
				ONLY_ACTIVE_ARCH = YES;
				SDKROOT = macosx;
				SWIFT_ACTIVE_COMPILATION_CONDITIONS = DEBUG;
				SWIFT_OPTIMIZATION_LEVEL = "-Onone";
			};
			name = Debug;
		};
		0D4AC3EF29E8152D00DDCE46 /* Release */ = {
			isa = XCBuildConfiguration;
			buildSettings = {
				ALWAYS_SEARCH_USER_PATHS = NO;
				CLANG_ANALYZER_NONNULL = YES;
				CLANG_ANALYZER_NUMBER_OBJECT_CONVERSION = YES_AGGRESSIVE;
				CLANG_CXX_LANGUAGE_STANDARD = "gnu++20";
				CLANG_ENABLE_MODULES = YES;
				CLANG_ENABLE_OBJC_ARC = YES;
				CLANG_ENABLE_OBJC_WEAK = YES;
				CLANG_WARN_BLOCK_CAPTURE_AUTORELEASING = YES;
				CLANG_WARN_BOOL_CONVERSION = YES;
				CLANG_WARN_COMMA = YES;
				CLANG_WARN_CONSTANT_CONVERSION = YES;
				CLANG_WARN_DEPRECATED_OBJC_IMPLEMENTATIONS = YES;
				CLANG_WARN_DIRECT_OBJC_ISA_USAGE = YES_ERROR;
				CLANG_WARN_DOCUMENTATION_COMMENTS = YES;
				CLANG_WARN_EMPTY_BODY = YES;
				CLANG_WARN_ENUM_CONVERSION = YES;
				CLANG_WARN_INFINITE_RECURSION = YES;
				CLANG_WARN_INT_CONVERSION = YES;
				CLANG_WARN_NON_LITERAL_NULL_CONVERSION = YES;
				CLANG_WARN_OBJC_IMPLICIT_RETAIN_SELF = YES;
				CLANG_WARN_OBJC_LITERAL_CONVERSION = YES;
				CLANG_WARN_OBJC_ROOT_CLASS = YES_ERROR;
				CLANG_WARN_QUOTED_INCLUDE_IN_FRAMEWORK_HEADER = YES;
				CLANG_WARN_RANGE_LOOP_ANALYSIS = YES;
				CLANG_WARN_STRICT_PROTOTYPES = YES;
				CLANG_WARN_SUSPICIOUS_MOVE = YES;
				CLANG_WARN_UNGUARDED_AVAILABILITY = YES_AGGRESSIVE;
				CLANG_WARN_UNREACHABLE_CODE = YES;
				CLANG_WARN__DUPLICATE_METHOD_MATCH = YES;
				COPY_PHASE_STRIP = NO;
				DEBUG_INFORMATION_FORMAT = "dwarf-with-dsym";
				ENABLE_NS_ASSERTIONS = NO;
				ENABLE_STRICT_OBJC_MSGSEND = YES;
				GCC_C_LANGUAGE_STANDARD = gnu11;
				GCC_NO_COMMON_BLOCKS = YES;
				GCC_WARN_64_TO_32_BIT_CONVERSION = YES;
				GCC_WARN_ABOUT_RETURN_TYPE = YES_ERROR;
				GCC_WARN_UNDECLARED_SELECTOR = YES;
				GCC_WARN_UNINITIALIZED_AUTOS = YES_AGGRESSIVE;
				GCC_WARN_UNUSED_FUNCTION = YES;
				GCC_WARN_UNUSED_VARIABLE = YES;
				MACOSX_DEPLOYMENT_TARGET = 13.3;
				MTL_ENABLE_DEBUG_INFO = NO;
				MTL_FAST_MATH = YES;
				SDKROOT = macosx;
				SWIFT_COMPILATION_MODE = wholemodule;
				SWIFT_OPTIMIZATION_LEVEL = "-O";
			};
			name = Release;
		};
		0D4AC3F129E8152D00DDCE46 /* Debug */ = {
			isa = XCBuildConfiguration;
			buildSettings = {
				CODE_SIGN_STYLE = Automatic;
				DEVELOPMENT_TEAM = Q9DU53B7ZQ;
				ENABLE_HARDENED_RUNTIME = YES;
				PRODUCT_NAME = "$(TARGET_NAME)";
				SWIFT_VERSION = 5.0;
			};
			name = Debug;
		};
		0D4AC3F229E8152D00DDCE46 /* Release */ = {
			isa = XCBuildConfiguration;
			buildSettings = {
				CODE_SIGN_STYLE = Automatic;
				DEVELOPMENT_TEAM = Q9DU53B7ZQ;
				ENABLE_HARDENED_RUNTIME = YES;
				PRODUCT_NAME = "$(TARGET_NAME)";
				SWIFT_VERSION = 5.0;
			};
			name = Release;
		};
/* End XCBuildConfiguration section */

/* Begin XCConfigurationList section */
		0D4AC3E429E8152D00DDCE46 /* Build configuration list for PBXProject "SiteGen" */ = {
			isa = XCConfigurationList;
			buildConfigurations = (
				0D4AC3EE29E8152D00DDCE46 /* Debug */,
				0D4AC3EF29E8152D00DDCE46 /* Release */,
			);
			defaultConfigurationIsVisible = 0;
			defaultConfigurationName = Release;
		};
		0D4AC3F029E8152D00DDCE46 /* Build configuration list for PBXNativeTarget "SiteGen" */ = {
			isa = XCConfigurationList;
			buildConfigurations = (
				0D4AC3F129E8152D00DDCE46 /* Debug */,
				0D4AC3F229E8152D00DDCE46 /* Release */,
			);
			defaultConfigurationIsVisible = 0;
			defaultConfigurationName = Release;
		};
/* End XCConfigurationList section */

/* Begin XCRemoteSwiftPackageReference section */
		0D4AC3FC29E827AE00DDCE46 /* XCRemoteSwiftPackageReference "cmark-gfm-swift" */ = {
			isa = XCRemoteSwiftPackageReference;
			repositoryURL = "https://github.com/cntrump/cmark-gfm-swift.git";
			requirement = {
				branch = master;
				kind = branch;
			};
		};
		0DC3988D29EA31F40020D011 /* XCRemoteSwiftPackageReference "SwiftSoup" */ = {
			isa = XCRemoteSwiftPackageReference;
			repositoryURL = "https://github.com/scinfu/SwiftSoup.git";
			requirement = {
				kind = upToNextMajorVersion;
				minimumVersion = 2.0.0;
			};
		};
/* End XCRemoteSwiftPackageReference section */

/* Begin XCSwiftPackageProductDependency section */
		0D4AC3FD29E827AE00DDCE46 /* cmark_gfm_swift */ = {
			isa = XCSwiftPackageProductDependency;
			package = 0D4AC3FC29E827AE00DDCE46 /* XCRemoteSwiftPackageReference "cmark-gfm-swift" */;
			productName = cmark_gfm_swift;
		};
		0DC3988E29EA31F40020D011 /* SwiftSoup */ = {
			isa = XCSwiftPackageProductDependency;
			package = 0DC3988D29EA31F40020D011 /* XCRemoteSwiftPackageReference "SwiftSoup" */;
			productName = SwiftSoup;
		};
/* End XCSwiftPackageProductDependency section */
	};
	rootObject = 0D4AC3E129E8152D00DDCE46 /* Project object */;
}
